
Microsoft Visual Studio Solution File, Format Version 12.00
# Visual Studio Version 17
VisualStudioVersion = 17.5.002.0
MinimumVisualStudioVersion = 10.0.40219.1
Project("{2150E333-8FDC-42A3-9474-1A3956D46DE8}") = "exampleForth", "exampleForth", "{9396A444-EA8A-4234-9F7A-CBF0A1F0FA89}"
EndProject
Project("{9A19103F-16F7-4668-BE54-9A1E7A4F7556}") = "HelloWorld", "exampleForth\HelloWorld\HelloWorld.csproj", "{D04C4803-9AB0-49B8-AA27-4318B59A480C}"
EndProject
Global
	GlobalSection(SolutionConfigurationPlatforms) = preSolution
		Debug|Any CPU = Debug|Any CPU
		Release|Any CPU = Release|Any CPU
	EndGlobalSection
	GlobalSection(ProjectConfigurationPlatforms) = postSolution
		{D04C4803-9AB0-49B8-AA27-4318B59A480C}.Debug|Any CPU.ActiveCfg = Debug|Any CPU
		{D04C4803-9AB0-49B8-AA27-4318B59A480C}.Debug|Any CPU.Build.0 = Debug|Any CPU
		{D04C4803-9AB0-49B8-AA27-4318B59A480C}.Release|Any CPU.ActiveCfg = Release|Any CPU
		{D04C4803-9AB0-49B8-AA27-4318B59A480C}.Release|Any CPU.Build.0 = Release|Any CPU
	EndGlobalSection
	GlobalSection(SolutionProperties) = preSolution
		HideSolutionNode = FALSE
	EndGlobalSection
	GlobalSection(NestedProjects) = preSolution
		{D04C4803-9AB0-49B8-AA27-4318B59A480C} = {9396A444-EA8A-4234-9F7A-CBF0A1F0FA89}
	EndGlobalSection
	GlobalSection(ExtensibilityGlobals) = postSolution
		SolutionGuid = {98B84CD9-6D46-4605-9E3E-D691EF4F3A0B}
	EndGlobalSection
EndGlobal
